
Microsoft Visual Studio Solution File, Format Version 12.00
# Visual Studio Version 17
VisualStudioVersion = 17.5.33516.290
MinimumVisualStudioVersion = 10.0.40219.1
Project("{FAE04EC0-301F-11D3-BF4B-00C04F79EFBC}") = "CatalogoWeb", "CatalogoWeb\CatalogoWeb.csproj", "{ACE58163-6E95-44F6-B868-5C464947C4CC}"
EndProject
Project("{FAE04EC0-301F-11D3-BF4B-00C04F79EFBC}") = "dominio", "dominios\dominio.csproj", "{CC4070B9-BA62-462E-8C88-2983DB893658}"
EndProject
Project("{FAE04EC0-301F-11D3-BF4B-00C04F79EFBC}") = "negocio", "negocio1\negocio.csproj", "{5C7518BD-6D5D-48BA-8385-B0BCCDDD285D}"
EndProject
Project("{FAE04EC0-301F-11D3-BF4B-00C04F79EFBC}") = "BD", "BD\BD.csproj", "{5FB29942-F918-4177-A943-FB07E1E3A741}"
EndProject
Global
	GlobalSection(SolutionConfigurationPlatforms) = preSolution
		Debug|Any CPU = Debug|Any CPU
		Release|Any CPU = Release|Any CPU
	EndGlobalSection
	GlobalSection(ProjectConfigurationPlatforms) = postSolution
		{ACE58163-6E95-44F6-B868-5C464947C4CC}.Debug|Any CPU.ActiveCfg = Debug|Any CPU
		{ACE58163-6E95-44F6-B868-5C464947C4CC}.Debug|Any CPU.Build.0 = Debug|Any CPU
		{ACE58163-6E95-44F6-B868-5C464947C4CC}.Release|Any CPU.ActiveCfg = Release|Any CPU
		{ACE58163-6E95-44F6-B868-5C464947C4CC}.Release|Any CPU.Build.0 = Release|Any CPU
		{CC4070B9-BA62-462E-8C88-2983DB893658}.Debug|Any CPU.ActiveCfg = Debug|Any CPU
		{CC4070B9-BA62-462E-8C88-2983DB893658}.Debug|Any CPU.Build.0 = Debug|Any CPU
		{CC4070B9-BA62-462E-8C88-2983DB893658}.Release|Any CPU.ActiveCfg = Release|Any CPU
		{CC4070B9-BA62-462E-8C88-2983DB893658}.Release|Any CPU.Build.0 = Release|Any CPU
		{5C7518BD-6D5D-48BA-8385-B0BCCDDD285D}.Debug|Any CPU.ActiveCfg = Debug|Any CPU
		{5C7518BD-6D5D-48BA-8385-B0BCCDDD285D}.Debug|Any CPU.Build.0 = Debug|Any CPU
		{5C7518BD-6D5D-48BA-8385-B0BCCDDD285D}.Release|Any CPU.ActiveCfg = Release|Any CPU
		{5C7518BD-6D5D-48BA-8385-B0BCCDDD285D}.Release|Any CPU.Build.0 = Release|Any CPU
		{5FB29942-F918-4177-A943-FB07E1E3A741}.Debug|Any CPU.ActiveCfg = Debug|Any CPU
		{5FB29942-F918-4177-A943-FB07E1E3A741}.Debug|Any CPU.Build.0 = Debug|Any CPU
		{5FB29942-F918-4177-A943-FB07E1E3A741}.Release|Any CPU.ActiveCfg = Release|Any CPU
		{5FB29942-F918-4177-A943-FB07E1E3A741}.Release|Any CPU.Build.0 = Release|Any CPU
	EndGlobalSection
	GlobalSection(SolutionProperties) = preSolution
		HideSolutionNode = FALSE
	EndGlobalSection
	GlobalSection(ExtensibilityGlobals) = postSolution
		SolutionGuid = {D9555C15-5F69-4D44-8412-C1FF13CFD368}
	EndGlobalSection
EndGlobal
